// !$*UTF8*$!
{
	archiveVersion = 1;
	classes = {
	};
	objectVersion = 50;
	objects = {

/* Begin PBXBuildFile section */
		970CF71025BE981F00C66A1A /* push_pop_push_views_swiftuiApp.swift in Sources */ = {isa = PBXBuildFile; fileRef = 970CF6FD25BE981E00C66A1A /* push_pop_push_views_swiftuiApp.swift */; };
		970CF71125BE981F00C66A1A /* push_pop_push_views_swiftuiApp.swift in Sources */ = {isa = PBXBuildFile; fileRef = 970CF6FD25BE981E00C66A1A /* push_pop_push_views_swiftuiApp.swift */; };
		970CF71225BE981F00C66A1A /* ContentView.swift in Sources */ = {isa = PBXBuildFile; fileRef = 970CF6FE25BE981E00C66A1A /* ContentView.swift */; };
		970CF71325BE981F00C66A1A /* ContentView.swift in Sources */ = {isa = PBXBuildFile; fileRef = 970CF6FE25BE981E00C66A1A /* ContentView.swift */; };
		970CF71425BE981F00C66A1A /* Assets.xcassets in Resources */ = {isa = PBXBuildFile; fileRef = 970CF6FF25BE981F00C66A1A /* Assets.xcassets */; };
		970CF71525BE981F00C66A1A /* Assets.xcassets in Resources */ = {isa = PBXBuildFile; fileRef = 970CF6FF25BE981F00C66A1A /* Assets.xcassets */; };
/* End PBXBuildFile section */

/* Begin PBXFileReference section */
		970CF6FD25BE981E00C66A1A /* push_pop_push_views_swiftuiApp.swift */ = {isa = PBXFileReference; lastKnownFileType = sourcecode.swift; path = push_pop_push_views_swiftuiApp.swift; sourceTree = "<group>"; };
		970CF6FE25BE981E00C66A1A /* ContentView.swift */ = {isa = PBXFileReference; lastKnownFileType = sourcecode.swift; path = ContentView.swift; sourceTree = "<group>"; };
		970CF6FF25BE981F00C66A1A /* Assets.xcassets */ = {isa = PBXFileReference; lastKnownFileType = folder.assetcatalog; path = Assets.xcassets; sourceTree = "<group>"; };
		970CF70425BE981F00C66A1A /* push-pop-push-views-swiftui.app */ = {isa = PBXFileReference; explicitFileType = wrapper.application; includeInIndex = 0; path = "push-pop-push-views-swiftui.app"; sourceTree = BUILT_PRODUCTS_DIR; };
		970CF70725BE981F00C66A1A /* Info.plist */ = {isa = PBXFileReference; lastKnownFileType = text.plist.xml; path = Info.plist; sourceTree = "<group>"; };
		970CF70C25BE981F00C66A1A /* push-pop-push-views-swiftui.app */ = {isa = PBXFileReference; explicitFileType = wrapper.application; includeInIndex = 0; path = "push-pop-push-views-swiftui.app"; sourceTree = BUILT_PRODUCTS_DIR; };
		970CF70E25BE981F00C66A1A /* Info.plist */ = {isa = PBXFileReference; lastKnownFileType = text.plist.xml; path = Info.plist; sourceTree = "<group>"; };
		970CF70F25BE981F00C66A1A /* macOS.entitlements */ = {isa = PBXFileReference; lastKnownFileType = text.plist.entitlements; path = macOS.entitlements; sourceTree = "<group>"; };
/* End PBXFileReference section */

/* Begin PBXFrameworksBuildPhase section */
		970CF70125BE981F00C66A1A /* Frameworks */ = {
			isa = PBXFrameworksBuildPhase;
			buildActionMask = 2147483647;
			files = (
			);
			runOnlyForDeploymentPostprocessing = 0;
		};
		970CF70925BE981F00C66A1A /* Frameworks */ = {
			isa = PBXFrameworksBuildPhase;
			buildActionMask = 2147483647;
			files = (
			);
			runOnlyForDeploymentPostprocessing = 0;
		};
/* End PBXFrameworksBuildPhase section */

/* Begin PBXGroup section */
		970CF6F725BE981D00C66A1A = {
			isa = PBXGroup;
			children = (
				970CF6FC25BE981E00C66A1A /* Shared */,
				970CF70625BE981F00C66A1A /* iOS */,
				970CF70D25BE981F00C66A1A /* macOS */,
				970CF70525BE981F00C66A1A /* Products */,
			);
			sourceTree = "<group>";
		};
		970CF6FC25BE981E00C66A1A /* Shared */ = {
			isa = PBXGroup;
			children = (
				970CF6FD25BE981E00C66A1A /* push_pop_push_views_swiftuiApp.swift */,
				970CF6FE25BE981E00C66A1A /* ContentView.swift */,
				970CF6FF25BE981F00C66A1A /* Assets.xcassets */,
			);
			path = Shared;
			sourceTree = "<group>";
		};
		970CF70525BE981F00C66A1A /* Products */ = {
			isa = PBXGroup;
			children = (
				970CF70425BE981F00C66A1A /* push-pop-push-views-swiftui.app */,
				970CF70C25BE981F00C66A1A /* push-pop-push-views-swiftui.app */,
			);
			name = Products;
			sourceTree = "<group>";
		};
		970CF70625BE981F00C66A1A /* iOS */ = {
			isa = PBXGroup;
			children = (
				970CF70725BE981F00C66A1A /* Info.plist */,
			);
			path = iOS;
			sourceTree = "<group>";
		};
		970CF70D25BE981F00C66A1A /* macOS */ = {
			isa = PBXGroup;
			children = (
				970CF70E25BE981F00C66A1A /* Info.plist */,
				970CF70F25BE981F00C66A1A /* macOS.entitlements */,
			);
			path = macOS;
			sourceTree = "<group>";
		};
/* End PBXGroup section */

/* Begin PBXNativeTarget section */
		970CF70325BE981F00C66A1A /* push-pop-push-views-swiftui (iOS) */ = {
			isa = PBXNativeTarget;
			buildConfigurationList = 970CF71825BE981F00C66A1A /* Build configuration list for PBXNativeTarget "push-pop-push-views-swiftui (iOS)" */;
			buildPhases = (
				970CF70025BE981F00C66A1A /* Sources */,
				970CF70125BE981F00C66A1A /* Frameworks */,
				970CF70225BE981F00C66A1A /* Resources */,
			);
			buildRules = (
			);
			dependencies = (
			);
			name = "push-pop-push-views-swiftui (iOS)";
			productName = "push-pop-push-views-swiftui (iOS)";
			productReference = 970CF70425BE981F00C66A1A /* push-pop-push-views-swiftui.app */;
			productType = "com.apple.product-type.application";
		};
		970CF70B25BE981F00C66A1A /* push-pop-push-views-swiftui (macOS) */ = {
			isa = PBXNativeTarget;
			buildConfigurationList = 970CF71B25BE981F00C66A1A /* Build configuration list for PBXNativeTarget "push-pop-push-views-swiftui (macOS)" */;
			buildPhases = (
				970CF70825BE981F00C66A1A /* Sources */,
				970CF70925BE981F00C66A1A /* Frameworks */,
				970CF70A25BE981F00C66A1A /* Resources */,
			);
			buildRules = (
			);
			dependencies = (
			);
			name = "push-pop-push-views-swiftui (macOS)";
			productName = "push-pop-push-views-swiftui (macOS)";
			productReference = 970CF70C25BE981F00C66A1A /* push-pop-push-views-swiftui.app */;
			productType = "com.apple.product-type.application";
		};
/* End PBXNativeTarget section */

/* Begin PBXProject section */
		970CF6F825BE981D00C66A1A /* Project object */ = {
			isa = PBXProject;
			attributes = {
				LastSwiftUpdateCheck = 1230;
				LastUpgradeCheck = 1230;
				TargetAttributes = {
					970CF70325BE981F00C66A1A = {
						CreatedOnToolsVersion = 12.3;
					};
					970CF70B25BE981F00C66A1A = {
						CreatedOnToolsVersion = 12.3;
					};
				};
			};
			buildConfigurationList = 970CF6FB25BE981D00C66A1A /* Build configuration list for PBXProject "push-pop-push-views-swiftui" */;
			compatibilityVersion = "Xcode 9.3";
			developmentRegion = en;
			hasScannedForEncodings = 0;
			knownRegions = (
				en,
				Base,
			);
			mainGroup = 970CF6F725BE981D00C66A1A;
			productRefGroup = 970CF70525BE981F00C66A1A /* Products */;
			projectDirPath = "";
			projectRoot = "";
			targets = (
				970CF70325BE981F00C66A1A /* push-pop-push-views-swiftui (iOS) */,
				970CF70B25BE981F00C66A1A /* push-pop-push-views-swiftui (macOS) */,
			);
		};
/* End PBXProject section */

/* Begin PBXResourcesBuildPhase section */
		970CF70225BE981F00C66A1A /* Resources */ = {
			isa = PBXResourcesBuildPhase;
			buildActionMask = 2147483647;
			files = (
				970CF71425BE981F00C66A1A /* Assets.xcassets in Resources */,
			);
			runOnlyForDeploymentPostprocessing = 0;
		};
		970CF70A25BE981F00C66A1A /* Resources */ = {
			isa = PBXResourcesBuildPhase;
			buildActionMask = 2147483647;
			files = (
				970CF71525BE981F00C66A1A /* Assets.xcassets in Resources */,
			);
			runOnlyForDeploymentPostprocessing = 0;
		};
/* End PBXResourcesBuildPhase section */

/* Begin PBXSourcesBuildPhase section */
		970CF70025BE981F00C66A1A /* Sources */ = {
			isa = PBXSourcesBuildPhase;
			buildActionMask = 2147483647;
			files = (
				970CF71225BE981F00C66A1A /* ContentView.swift in Sources */,
				970CF71025BE981F00C66A1A /* push_pop_push_views_swiftuiApp.swift in Sources */,
			);
			runOnlyForDeploymentPostprocessing = 0;
		};
		970CF70825BE981F00C66A1A /* Sources */ = {
			isa = PBXSourcesBuildPhase;
			buildActionMask = 2147483647;
			files = (
				970CF71325BE981F00C66A1A /* ContentView.swift in Sources */,
				970CF71125BE981F00C66A1A /* push_pop_push_views_swiftuiApp.swift in Sources */,
			);
			runOnlyForDeploymentPostprocessing = 0;
		};
/* End PBXSourcesBuildPhase section */

/* Begin XCBuildConfiguration section */
		970CF71625BE981F00C66A1A /* Debug */ = {
			isa = XCBuildConfiguration;
			buildSettings = {
				ALWAYS_SEARCH_USER_PATHS = NO;
				CLANG_ANALYZER_NONNULL = YES;
				CLANG_ANALYZER_NUMBER_OBJECT_CONVERSION = YES_AGGRESSIVE;
				CLANG_CXX_LANGUAGE_STANDARD = "gnu++14";
				CLANG_CXX_LIBRARY = "libc++";
				CLANG_ENABLE_MODULES = YES;
				CLANG_ENABLE_OBJC_ARC = YES;
				CLANG_ENABLE_OBJC_WEAK = YES;
				CLANG_WARN_BLOCK_CAPTURE_AUTORELEASING = YES;
				CLANG_WARN_BOOL_CONVERSION = YES;
				CLANG_WARN_COMMA = YES;
				CLANG_WARN_CONSTANT_CONVERSION = YES;
				CLANG_WARN_DEPRECATED_OBJC_IMPLEMENTATIONS = YES;
				CLANG_WARN_DIRECT_OBJC_ISA_USAGE = YES_ERROR;
				CLANG_WARN_DOCUMENTATION_COMMENTS = YES;
				CLANG_WARN_EMPTY_BODY = YES;
				CLANG_WARN_ENUM_CONVERSION = YES;
				CLANG_WARN_INFINITE_RECURSION = YES;
				CLANG_WARN_INT_CONVERSION = YES;
				CLANG_WARN_NON_LITERAL_NULL_CONVERSION = YES;
				CLANG_WARN_OBJC_IMPLICIT_RETAIN_SELF = YES;
				CLANG_WARN_OBJC_LITERAL_CONVERSION = YES;
				CLANG_WARN_OBJC_ROOT_CLASS = YES_ERROR;
				CLANG_WARN_QUOTED_INCLUDE_IN_FRAMEWORK_HEADER = YES;
				CLANG_WARN_RANGE_LOOP_ANALYSIS = YES;
				CLANG_WARN_STRICT_PROTOTYPES = YES;
				CLANG_WARN_SUSPICIOUS_MOVE = YES;
				CLANG_WARN_UNGUARDED_AVAILABILITY = YES_AGGRESSIVE;
				CLANG_WARN_UNREACHABLE_CODE = YES;
				CLANG_WARN__DUPLICATE_METHOD_MATCH = YES;
				COPY_PHASE_STRIP = NO;
				DEBUG_INFORMATION_FORMAT = dwarf;
				ENABLE_STRICT_OBJC_MSGSEND = YES;
				ENABLE_TESTABILITY = YES;
				GCC_C_LANGUAGE_STANDARD = gnu11;
				GCC_DYNAMIC_NO_PIC = NO;
				GCC_NO_COMMON_BLOCKS = YES;
				GCC_OPTIMIZATION_LEVEL = 0;
				GCC_PREPROCESSOR_DEFINITIONS = (
					"DEBUG=1",
					"$(inherited)",
				);
				GCC_WARN_64_TO_32_BIT_CONVERSION = YES;
				GCC_WARN_ABOUT_RETURN_TYPE = YES_ERROR;
				GCC_WARN_UNDECLARED_SELECTOR = YES;
				GCC_WARN_UNINITIALIZED_AUTOS = YES_AGGRESSIVE;
				GCC_WARN_UNUSED_FUNCTION = YES;
				GCC_WARN_UNUSED_VARIABLE = YES;
				MTL_ENABLE_DEBUG_INFO = INCLUDE_SOURCE;
				MTL_FAST_MATH = YES;
				ONLY_ACTIVE_ARCH = YES;
				SWIFT_ACTIVE_COMPILATION_CONDITIONS = DEBUG;
				SWIFT_OPTIMIZATION_LEVEL = "-Onone";
			};
			name = Debug;
		};
		970CF71725BE981F00C66A1A /* Release */ = {
			isa = XCBuildConfiguration;
			buildSettings = {
				ALWAYS_SEARCH_USER_PATHS = NO;
				CLANG_ANALYZER_NONNULL = YES;
				CLANG_ANALYZER_NUMBER_OBJECT_CONVERSION = YES_AGGRESSIVE;
				CLANG_CXX_LANGUAGE_STANDARD = "gnu++14";
				CLANG_CXX_LIBRARY = "libc++";
				CLANG_ENABLE_MODULES = YES;
				CLANG_ENABLE_OBJC_ARC = YES;
				CLANG_ENABLE_OBJC_WEAK = YES;
				CLANG_WARN_BLOCK_CAPTURE_AUTORELEASING = YES;
				CLANG_WARN_BOOL_CONVERSION = YES;
				CLANG_WARN_COMMA = YES;
				CLANG_WARN_CONSTANT_CONVERSION = YES;
				CLANG_WARN_DEPRECATED_OBJC_IMPLEMENTATIONS = YES;
				CLANG_WARN_DIRECT_OBJC_ISA_USAGE = YES_ERROR;
				CLANG_WARN_DOCUMENTATION_COMMENTS = YES;
				CLANG_WARN_EMPTY_BODY = YES;
				CLANG_WARN_ENUM_CONVERSION = YES;
				CLANG_WARN_INFINITE_RECURSION = YES;
				CLANG_WARN_INT_CONVERSION = YES;
				CLANG_WARN_NON_LITERAL_NULL_CONVERSION = YES;
				CLANG_WARN_OBJC_IMPLICIT_RETAIN_SELF = YES;
				CLANG_WARN_OBJC_LITERAL_CONVERSION = YES;
				CLANG_WARN_OBJC_ROOT_CLASS = YES_ERROR;
				CLANG_WARN_QUOTED_INCLUDE_IN_FRAMEWORK_HEADER = YES;
				CLANG_WARN_RANGE_LOOP_ANALYSIS = YES;
				CLANG_WARN_STRICT_PROTOTYPES = YES;
				CLANG_WARN_SUSPICIOUS_MOVE = YES;
				CLANG_WARN_UNGUARDED_AVAILABILITY = YES_AGGRESSIVE;
				CLANG_WARN_UNREACHABLE_CODE = YES;
				CLANG_WARN__DUPLICATE_METHOD_MATCH = YES;
				COPY_PHASE_STRIP = NO;
				DEBUG_INFORMATION_FORMAT = "dwarf-with-dsym";
				ENABLE_NS_ASSERTIONS = NO;
				ENABLE_STRICT_OBJC_MSGSEND = YES;
				GCC_C_LANGUAGE_STANDARD = gnu11;
				GCC_NO_COMMON_BLOCKS = YES;
				GCC_WARN_64_TO_32_BIT_CONVERSION = YES;
				GCC_WARN_ABOUT_RETURN_TYPE = YES_ERROR;
				GCC_WARN_UNDECLARED_SELECTOR = YES;
				GCC_WARN_UNINITIALIZED_AUTOS = YES_AGGRESSIVE;
				GCC_WARN_UNUSED_FUNCTION = YES;
				GCC_WARN_UNUSED_VARIABLE = YES;
				MTL_ENABLE_DEBUG_INFO = NO;
				MTL_FAST_MATH = YES;
				SWIFT_COMPILATION_MODE = wholemodule;
				SWIFT_OPTIMIZATION_LEVEL = "-O";
			};
			name = Release;
		};
		970CF71925BE981F00C66A1A /* Debug */ = {
			isa = XCBuildConfiguration;
			buildSettings = {
				ASSETCATALOG_COMPILER_APPICON_NAME = AppIcon;
				ASSETCATALOG_COMPILER_GLOBAL_ACCENT_COLOR_NAME = AccentColor;
				CODE_SIGN_STYLE = Automatic;
				DEVELOPMENT_TEAM = Z7X6647APW;
				ENABLE_PREVIEWS = YES;
				INFOPLIST_FILE = iOS/Info.plist;
				IPHONEOS_DEPLOYMENT_TARGET = 14.0;
				LD_RUNPATH_SEARCH_PATHS = (
					"$(inherited)",
					"@executable_path/Frameworks",
				);
				PRODUCT_BUNDLE_IDENTIFIER = "donchia.push-pop-push-views-swiftui";
				PRODUCT_NAME = "push-pop-push-views-swiftui";
				SDKROOT = iphoneos;
				SWIFT_VERSION = 5.0;
				TARGETED_DEVICE_FAMILY = "1,2";
			};
			name = Debug;
		};
		970CF71A25BE981F00C66A1A /* Release */ = {
			isa = XCBuildConfiguration;
			buildSettings = {
				ASSETCATALOG_COMPILER_APPICON_NAME = AppIcon;
				ASSETCATALOG_COMPILER_GLOBAL_ACCENT_COLOR_NAME = AccentColor;
				CODE_SIGN_STYLE = Automatic;
				DEVELOPMENT_TEAM = Z7X6647APW;
				ENABLE_PREVIEWS = YES;
				INFOPLIST_FILE = iOS/Info.plist;
				IPHONEOS_DEPLOYMENT_TARGET = 14.0;
				LD_RUNPATH_SEARCH_PATHS = (
					"$(inherited)",
					"@executable_path/Frameworks",
				);
				PRODUCT_BUNDLE_IDENTIFIER = "donchia.push-pop-push-views-swiftui";
				PRODUCT_NAME = "push-pop-push-views-swiftui";
				SDKROOT = iphoneos;
				SWIFT_VERSION = 5.0;
				TARGETED_DEVICE_FAMILY = "1,2";
				VALIDATE_PRODUCT = YES;
			};
			name = Release;
		};
		970CF71C25BE981F00C66A1A /* Debug */ = {
			isa = XCBuildConfiguration;
			buildSettings = {
				ASSETCATALOG_COMPILER_APPICON_NAME = AppIcon;
				ASSETCATALOG_COMPILER_GLOBAL_ACCENT_COLOR_NAME = AccentColor;
				CODE_SIGN_ENTITLEMENTS = macOS/macOS.entitlements;
				CODE_SIGN_STYLE = Automatic;
				COMBINE_HIDPI_IMAGES = YES;
				DEVELOPMENT_TEAM = Z7X6647APW;
				ENABLE_HARDENED_RUNTIME = YES;
				ENABLE_PREVIEWS = YES;
				INFOPLIST_FILE = macOS/Info.plist;
				LD_RUNPATH_SEARCH_PATHS = (
					"$(inherited)",
					"@executable_path/../Frameworks",
				);
				MACOSX_DEPLOYMENT_TARGET = 11.0;
				PRODUCT_BUNDLE_IDENTIFIER = "donchia.push-pop-push-views-swiftui";
				PRODUCT_NAME = "push-pop-push-views-swiftui";
				SDKROOT = macosx;
				SWIFT_VERSION = 5.0;
			};
			name = Debug;
		};
		970CF71D25BE981F00C66A1A /* Release */ = {
			isa = XCBuildConfiguration;
			buildSettings = {
				ASSETCATALOG_COMPILER_APPICON_NAME = AppIcon;
				ASSETCATALOG_COMPILER_GLOBAL_ACCENT_COLOR_NAME = AccentColor;
				CODE_SIGN_ENTITLEMENTS = macOS/macOS.entitlements;
				CODE_SIGN_STYLE = Automatic;
				COMBINE_HIDPI_IMAGES = YES;
				DEVELOPMENT_TEAM = Z7X6647APW;
				ENABLE_HARDENED_RUNTIME = YES;
				ENABLE_PREVIEWS = YES;
				INFOPLIST_FILE = macOS/Info.plist;
				LD_RUNPATH_SEARCH_PATHS = (
					"$(inherited)",
					"@executable_path/../Frameworks",
				);
				MACOSX_DEPLOYMENT_TARGET = 11.0;
				PRODUCT_BUNDLE_IDENTIFIER = "donchia.push-pop-push-views-swiftui";
				PRODUCT_NAME = "push-pop-push-views-swiftui";
				SDKROOT = macosx;
				SWIFT_VERSION = 5.0;
			};
			name = Release;
		};
/* End XCBuildConfiguration section */

/* Begin XCConfigurationList section */
		970CF6FB25BE981D00C66A1A /* Build configuration list for PBXProject "push-pop-push-views-swiftui" */ = {
			isa = XCConfigurationList;
			buildConfigurations = (
				970CF71625BE981F00C66A1A /* Debug */,
				970CF71725BE981F00C66A1A /* Release */,
			);
			defaultConfigurationIsVisible = 0;
			defaultConfigurationName = Release;
		};
		970CF71825BE981F00C66A1A /* Build configuration list for PBXNativeTarget "push-pop-push-views-swiftui (iOS)" */ = {
			isa = XCConfigurationList;
			buildConfigurations = (
				970CF71925BE981F00C66A1A /* Debug */,
				970CF71A25BE981F00C66A1A /* Release */,
			);
			defaultConfigurationIsVisible = 0;
			defaultConfigurationName = Release;
		};
		970CF71B25BE981F00C66A1A /* Build configuration list for PBXNativeTarget "push-pop-push-views-swiftui (macOS)" */ = {
			isa = XCConfigurationList;
			buildConfigurations = (
				970CF71C25BE981F00C66A1A /* Debug */,
				970CF71D25BE981F00C66A1A /* Release */,
			);
			defaultConfigurationIsVisible = 0;
			defaultConfigurationName = Release;
		};
/* End XCConfigurationList section */
	};
	rootObject = 970CF6F825BE981D00C66A1A /* Project object */;
}
